// !$*UTF8*$!
{
	archiveVersion = 1;
	classes = {
	};
	objectVersion = 77;
	objects = {

/* Begin PBXBuildFile section */
		AF21F9CF2F73F17E001C61A3 /* AppDelegate.swift in Sources */ = {isa = PBXBuildFile; fileRef = AF21F9CE2F73F17E001C61A3 /* AppDelegate.swift */; };
		AF21F9D32F73F17E001C61A3 /* Main.html in Resources */ = {isa = PBXBuildFile; fileRef = AF21F9D12F73F17E001C61A3 /* Main.html */; };
		AF21F9D52F73F17E001C61A3 /* Icon.png in Resources */ = {isa = PBXBuildFile; fileRef = AF21F9D42F73F17E001C61A3 /* Icon.png */; };
		AF21F9D72F73F17E001C61A3 /* Style.css in Resources */ = {isa = PBXBuildFile; fileRef = AF21F9D62F73F17E001C61A3 /* Style.css */; };
		AF21F9D92F73F17E001C61A3 /* Script.js in Resources */ = {isa = PBXBuildFile; fileRef = AF21F9D82F73F17E001C61A3 /* Script.js */; };
		AF21F9DB2F73F17E001C61A3 /* ViewController.swift in Sources */ = {isa = PBXBuildFile; fileRef = AF21F9DA2F73F17E001C61A3 /* ViewController.swift */; };
		AF21F9DE2F73F17E001C61A3 /* Main.storyboard in Resources */ = {isa = PBXBuildFile; fileRef = AF21F9DC2F73F17E001C61A3 /* Main.storyboard */; };
		AF21F9E02F73F180001C61A3 /* Assets.xcassets in Resources */ = {isa = PBXBuildFile; fileRef = AF21F9DF2F73F180001C61A3 /* Assets.xcassets */; };
		AF21F9ED2F73F180001C61A3 /* FontSizeIncreaserTests.swift in Sources */ = {isa = PBXBuildFile; fileRef = AF21F9EC2F73F180001C61A3 /* FontSizeIncreaserTests.swift */; };
		AF21F9F72F73F180001C61A3 /* FontSizeIncreaserUITests.swift in Sources */ = {isa = PBXBuildFile; fileRef = AF21F9F62F73F180001C61A3 /* FontSizeIncreaserUITests.swift */; };
		AF21F9F92F73F180001C61A3 /* FontSizeIncreaserUITestsLaunchTests.swift in Sources */ = {isa = PBXBuildFile; fileRef = AF21F9F82F73F180001C61A3 /* FontSizeIncreaserUITestsLaunchTests.swift */; };
		AF21F9FF2F73F180001C61A3 /* FontSizeIncreaser Extension.appex in Embed Foundation Extensions */ = {isa = PBXBuildFile; fileRef = AF21F9FE2F73F180001C61A3 /* FontSizeIncreaser Extension.appex */; settings = {ATTRIBUTES = (RemoveHeadersOnCopy, ); }; };
		AF21FA042F73F180001C61A3 /* SafariWebExtensionHandler.swift in Sources */ = {isa = PBXBuildFile; fileRef = AF21FA032F73F180001C61A3 /* SafariWebExtensionHandler.swift */; };
		AF21FA1D2F73F181001C61A3 /* popup.js in Resources */ = {isa = PBXBuildFile; fileRef = AF21FA172F73F181001C61A3 /* popup.js */; };
		AF21FA1E2F73F181001C61A3 /* background.js in Resources */ = {isa = PBXBuildFile; fileRef = AF21FA182F73F181001C61A3 /* background.js */; };
		AF21FA1F2F73F181001C61A3 /* popup.html in Resources */ = {isa = PBXBuildFile; fileRef = AF21FA192F73F181001C61A3 /* popup.html */; };
		AF21FA202F73F181001C61A3 /* manifest.json in Resources */ = {isa = PBXBuildFile; fileRef = AF21FA1A2F73F181001C61A3 /* manifest.json */; };
		AF21FA212F73F181001C61A3 /* popup.css in Resources */ = {isa = PBXBuildFile; fileRef = AF21FA1B2F73F181001C61A3 /* popup.css */; };
		AF21FA222F73F181001C61A3 /* content.js in Resources */ = {isa = PBXBuildFile; fileRef = AF21FA1C2F73F181001C61A3 /* content.js */; };
		AF21FA302F73F200001C61A3 /* icon-48.png in Resources */ = {isa = PBXBuildFile; fileRef = AF21FA2D2F73F200001C61A3 /* icon-48.png */; };
		AF21FA312F73F200001C61A3 /* icon-96.png in Resources */ = {isa = PBXBuildFile; fileRef = AF21FA2E2F73F200001C61A3 /* icon-96.png */; };
		AF21FA322F73F200001C61A3 /* icon-128.png in Resources */ = {isa = PBXBuildFile; fileRef = AF21FA2F2F73F200001C61A3 /* icon-128.png */; };
/* End PBXBuildFile section */

/* Begin PBXContainerItemProxy section */
		AF21F9E92F73F180001C61A3 /* PBXContainerItemProxy */ = {
			isa = PBXContainerItemProxy;
			containerPortal = AF21F9C32F73F17E001C61A3 /* Project object */;
			proxyType = 1;
			remoteGlobalIDString = AF21F9CA2F73F17E001C61A3;
			remoteInfo = FontSizeIncreaser;
		};
		AF21F9F32F73F180001C61A3 /* PBXContainerItemProxy */ = {
			isa = PBXContainerItemProxy;
			containerPortal = AF21F9C32F73F17E001C61A3 /* Project object */;
			proxyType = 1;
			remoteGlobalIDString = AF21F9CA2F73F17E001C61A3;
			remoteInfo = FontSizeIncreaser;
		};
		AF21FA002F73F180001C61A3 /* PBXContainerItemProxy */ = {
			isa = PBXContainerItemProxy;
			containerPortal = AF21F9C32F73F17E001C61A3 /* Project object */;
			proxyType = 1;
			remoteGlobalIDString = AF21F9FD2F73F180001C61A3;
			remoteInfo = "FontSizeIncreaser Extension";
		};
/* End PBXContainerItemProxy section */

/* Begin PBXCopyFilesBuildPhase section */
		AF21FA0C2F73F180001C61A3 /* Embed Foundation Extensions */ = {
			isa = PBXCopyFilesBuildPhase;
			buildActionMask = 2147483647;
			dstPath = "";
			dstSubfolderSpec = 13;
			files = (
				AF21F9FF2F73F180001C61A3 /* FontSizeIncreaser Extension.appex in Embed Foundation Extensions */,
			);
			name = "Embed Foundation Extensions";
			runOnlyForDeploymentPostprocessing = 0;
		};
/* End PBXCopyFilesBuildPhase section */

/* Begin PBXFileReference section */
		AF21F9CB2F73F17E001C61A3 /* FontSizeIncreaser.app */ = {isa = PBXFileReference; explicitFileType = wrapper.application; includeInIndex = 0; path = FontSizeIncreaser.app; sourceTree = BUILT_PRODUCTS_DIR; };
		AF21F9CE2F73F17E001C61A3 /* AppDelegate.swift */ = {isa = PBXFileReference; lastKnownFileType = sourcecode.swift; path = AppDelegate.swift; sourceTree = "<group>"; };
		AF21F9D22F73F17E001C61A3 /* Base */ = {isa = PBXFileReference; lastKnownFileType = text.html; name = Base; path = Base.lproj/Main.html; sourceTree = "<group>"; };
		AF21F9D42F73F17E001C61A3 /* Icon.png */ = {isa = PBXFileReference; lastKnownFileType = image.png; path = Icon.png; sourceTree = "<group>"; };
		AF21F9D62F73F17E001C61A3 /* Style.css */ = {isa = PBXFileReference; lastKnownFileType = text.css; path = Style.css; sourceTree = "<group>"; };
		AF21F9D82F73F17E001C61A3 /* Script.js */ = {isa = PBXFileReference; lastKnownFileType = sourcecode.javascript; path = Script.js; sourceTree = "<group>"; };
		AF21F9DA2F73F17E001C61A3 /* ViewController.swift */ = {isa = PBXFileReference; lastKnownFileType = sourcecode.swift; path = ViewController.swift; sourceTree = "<group>"; };
		AF21F9DD2F73F17E001C61A3 /* Base */ = {isa = PBXFileReference; lastKnownFileType = file.storyboard; name = Base; path = Base.lproj/Main.storyboard; sourceTree = "<group>"; };
		AF21F9DF2F73F180001C61A3 /* Assets.xcassets */ = {isa = PBXFileReference; lastKnownFileType = folder.assetcatalog; path = Assets.xcassets; sourceTree = "<group>"; };
		AF21F9E12F73F180001C61A3 /* Info.plist */ = {isa = PBXFileReference; lastKnownFileType = text.plist.xml; path = Info.plist; sourceTree = "<group>"; };
		AF21F9E22F73F180001C61A3 /* FontSizeIncreaser.entitlements */ = {isa = PBXFileReference; lastKnownFileType = text.plist.entitlements; path = FontSizeIncreaser.entitlements; sourceTree = "<group>"; };
		AF21F9E32F73F180001C61A3 /* FontSizeIncreaser.entitlements */ = {isa = PBXFileReference; lastKnownFileType = text.plist.entitlements; path = FontSizeIncreaser.entitlements; sourceTree = "<group>"; };
		AF21F9E82F73F180001C61A3 /* FontSizeIncreaserTests.xctest */ = {isa = PBXFileReference; explicitFileType = wrapper.cfbundle; includeInIndex = 0; path = FontSizeIncreaserTests.xctest; sourceTree = BUILT_PRODUCTS_DIR; };
		AF21F9EC2F73F180001C61A3 /* FontSizeIncreaserTests.swift */ = {isa = PBXFileReference; lastKnownFileType = sourcecode.swift; path = FontSizeIncreaserTests.swift; sourceTree = "<group>"; };
		AF21F9F22F73F180001C61A3 /* FontSizeIncreaserUITests.xctest */ = {isa = PBXFileReference; explicitFileType = wrapper.cfbundle; includeInIndex = 0; path = FontSizeIncreaserUITests.xctest; sourceTree = BUILT_PRODUCTS_DIR; };
		AF21F9F62F73F180001C61A3 /* FontSizeIncreaserUITests.swift */ = {isa = PBXFileReference; lastKnownFileType = sourcecode.swift; path = FontSizeIncreaserUITests.swift; sourceTree = "<group>"; };
		AF21F9F82F73F180001C61A3 /* FontSizeIncreaserUITestsLaunchTests.swift */ = {isa = PBXFileReference; lastKnownFileType = sourcecode.swift; path = FontSizeIncreaserUITestsLaunchTests.swift; sourceTree = "<group>"; };
		AF21F9FE2F73F180001C61A3 /* FontSizeIncreaser Extension.appex */ = {isa = PBXFileReference; explicitFileType = "wrapper.app-extension"; includeInIndex = 0; path = "FontSizeIncreaser Extension.appex"; sourceTree = BUILT_PRODUCTS_DIR; };
		AF21FA032F73F180001C61A3 /* SafariWebExtensionHandler.swift */ = {isa = PBXFileReference; lastKnownFileType = sourcecode.swift; path = SafariWebExtensionHandler.swift; sourceTree = "<group>"; };
		AF21FA052F73F180001C61A3 /* Info.plist */ = {isa = PBXFileReference; lastKnownFileType = text.plist.xml; path = Info.plist; sourceTree = "<group>"; };
		AF21FA062F73F180001C61A3 /* FontSizeIncreaser_Extension.entitlements */ = {isa = PBXFileReference; lastKnownFileType = text.plist.entitlements; path = FontSizeIncreaser_Extension.entitlements; sourceTree = "<group>"; };
		AF21FA172F73F181001C61A3 /* popup.js */ = {isa = PBXFileReference; lastKnownFileType = sourcecode.javascript; name = popup.js; path = Resources/popup.js; sourceTree = "<group>"; };
		AF21FA182F73F181001C61A3 /* background.js */ = {isa = PBXFileReference; lastKnownFileType = sourcecode.javascript; name = background.js; path = Resources/background.js; sourceTree = "<group>"; };
		AF21FA192F73F181001C61A3 /* popup.html */ = {isa = PBXFileReference; lastKnownFileType = text.html; name = popup.html; path = Resources/popup.html; sourceTree = "<group>"; };
		AF21FA1A2F73F181001C61A3 /* manifest.json */ = {isa = PBXFileReference; lastKnownFileType = text.json; name = manifest.json; path = Resources/manifest.json; sourceTree = "<group>"; };
		AF21FA1B2F73F181001C61A3 /* popup.css */ = {isa = PBXFileReference; lastKnownFileType = text.css; name = popup.css; path = Resources/popup.css; sourceTree = "<group>"; };
		AF21FA1C2F73F181001C61A3 /* content.js */ = {isa = PBXFileReference; lastKnownFileType = sourcecode.javascript; name = content.js; path = Resources/content.js; sourceTree = "<group>"; };
		AF21FA2D2F73F200001C61A3 /* icon-48.png */ = {isa = PBXFileReference; lastKnownFileType = image.png; name = "icon-48.png"; path = "Resources/icon-48.png"; sourceTree = "<group>"; };
		AF21FA2E2F73F200001C61A3 /* icon-96.png */ = {isa = PBXFileReference; lastKnownFileType = image.png; name = "icon-96.png"; path = "Resources/icon-96.png"; sourceTree = "<group>"; };
		AF21FA2F2F73F200001C61A3 /* icon-128.png */ = {isa = PBXFileReference; lastKnownFileType = image.png; name = "icon-128.png"; path = "Resources/icon-128.png"; sourceTree = "<group>"; };
/* End PBXFileReference section */

/* Begin PBXFrameworksBuildPhase section */
		AF21F9C82F73F17E001C61A3 /* Frameworks */ = {
			isa = PBXFrameworksBuildPhase;
			buildActionMask = 2147483647;
			files = (
			);
			runOnlyForDeploymentPostprocessing = 0;
		};
		AF21F9E52F73F180001C61A3 /* Frameworks */ = {
			isa = PBXFrameworksBuildPhase;
			buildActionMask = 2147483647;
			files = (
			);
			runOnlyForDeploymentPostprocessing = 0;
		};
		AF21F9EF2F73F180001C61A3 /* Frameworks */ = {
			isa = PBXFrameworksBuildPhase;
			buildActionMask = 2147483647;
			files = (
			);
			runOnlyForDeploymentPostprocessing = 0;
		};
		AF21F9FB2F73F180001C61A3 /* Frameworks */ = {
			isa = PBXFrameworksBuildPhase;
			buildActionMask = 2147483647;
			files = (
			);
			runOnlyForDeploymentPostprocessing = 0;
		};
/* End PBXFrameworksBuildPhase section */

/* Begin PBXGroup section */
		AF21F9C22F73F17E001C61A3 = {
			isa = PBXGroup;
			children = (
				AF21F9CD2F73F17E001C61A3 /* FontSizeIncreaser */,
				AF21F9EB2F73F180001C61A3 /* FontSizeIncreaserTests */,
				AF21F9F52F73F180001C61A3 /* FontSizeIncreaserUITests */,
				AF21FA022F73F180001C61A3 /* FontSizeIncreaser Extension */,
				AF21F9CC2F73F17E001C61A3 /* Products */,
			);
			sourceTree = "<group>";
		};
		AF21F9CC2F73F17E001C61A3 /* Products */ = {
			isa = PBXGroup;
			children = (
				AF21F9CB2F73F17E001C61A3 /* FontSizeIncreaser.app */,
				AF21F9E82F73F180001C61A3 /* FontSizeIncreaserTests.xctest */,
				AF21F9F22F73F180001C61A3 /* FontSizeIncreaserUITests.xctest */,
				AF21F9FE2F73F180001C61A3 /* FontSizeIncreaser Extension.appex */,
			);
			name = Products;
			sourceTree = "<group>";
		};
		AF21F9CD2F73F17E001C61A3 /* FontSizeIncreaser */ = {
			isa = PBXGroup;
			children = (
				AF21F9CE2F73F17E001C61A3 /* AppDelegate.swift */,
				AF21F9DA2F73F17E001C61A3 /* ViewController.swift */,
				AF21F9DC2F73F17E001C61A3 /* Main.storyboard */,
				AF21F9DF2F73F180001C61A3 /* Assets.xcassets */,
				AF21F9E12F73F180001C61A3 /* Info.plist */,
				AF21F9E22F73F180001C61A3 /* FontSizeIncreaser.entitlements */,
				AF21F9E32F73F180001C61A3 /* FontSizeIncreaser.entitlements */,
				AF21F9D02F73F17E001C61A3 /* Resources */,
			);
			path = FontSizeIncreaser;
			sourceTree = "<group>";
		};
		AF21F9D02F73F17E001C61A3 /* Resources */ = {
			isa = PBXGroup;
			children = (
				AF21F9D12F73F17E001C61A3 /* Main.html */,
				AF21F9D42F73F17E001C61A3 /* Icon.png */,
				AF21F9D62F73F17E001C61A3 /* Style.css */,
				AF21F9D82F73F17E001C61A3 /* Script.js */,
			);
			path = Resources;
			sourceTree = "<group>";
		};
		AF21F9EB2F73F180001C61A3 /* FontSizeIncreaserTests */ = {
			isa = PBXGroup;
			children = (
				AF21F9EC2F73F180001C61A3 /* FontSizeIncreaserTests.swift */,
			);
			path = FontSizeIncreaserTests;
			sourceTree = "<group>";
		};
		AF21F9F52F73F180001C61A3 /* FontSizeIncreaserUITests */ = {
			isa = PBXGroup;
			children = (
				AF21F9F62F73F180001C61A3 /* FontSizeIncreaserUITests.swift */,
				AF21F9F82F73F180001C61A3 /* FontSizeIncreaserUITestsLaunchTests.swift */,
			);
			path = FontSizeIncreaserUITests;
			sourceTree = "<group>";
		};
		AF21FA022F73F180001C61A3 /* FontSizeIncreaser Extension */ = {
			isa = PBXGroup;
			children = (
				AF21FA162F73F181001C61A3 /* Resources */,
				AF21FA032F73F180001C61A3 /* SafariWebExtensionHandler.swift */,
				AF21FA052F73F180001C61A3 /* Info.plist */,
				AF21FA062F73F180001C61A3 /* FontSizeIncreaser_Extension.entitlements */,
			);
			path = "FontSizeIncreaser Extension";
			sourceTree = "<group>";
		};
		AF21FA162F73F181001C61A3 /* Resources */ = {
			isa = PBXGroup;
			children = (
				AF21FA172F73F181001C61A3 /* popup.js */,
				AF21FA182F73F181001C61A3 /* background.js */,
				AF21FA192F73F181001C61A3 /* popup.html */,
				AF21FA1A2F73F181001C61A3 /* manifest.json */,
				AF21FA1B2F73F181001C61A3 /* popup.css */,
				AF21FA1C2F73F181001C61A3 /* content.js */,
				AF21FA2D2F73F200001C61A3 /* icon-48.png */,
				AF21FA2E2F73F200001C61A3 /* icon-96.png */,
				AF21FA2F2F73F200001C61A3 /* icon-128.png */,
			);
			name = Resources;
			path = "FontSizeIncreaser Extension";
			sourceTree = SOURCE_ROOT;
		};
/* End PBXGroup section */

/* Begin PBXNativeTarget section */
		AF21F9CA2F73F17E001C61A3 /* FontSizeIncreaser */ = {
			isa = PBXNativeTarget;
			buildConfigurationList = AF21FA0D2F73F180001C61A3 /* Build configuration list for PBXNativeTarget "FontSizeIncreaser" */;
			buildPhases = (
				AF21F9C72F73F17E001C61A3 /* Sources */,
				AF21F9C82F73F17E001C61A3 /* Frameworks */,
				AF21F9C92F73F17E001C61A3 /* Resources */,
				AF21FA0C2F73F180001C61A3 /* Embed Foundation Extensions */,
			);
			buildRules = (
			);
			dependencies = (
				AF21FA012F73F180001C61A3 /* PBXTargetDependency */,
			);
			name = FontSizeIncreaser;
			packageProductDependencies = (
			);
			productName = FontSizeIncreaser;
			productReference = AF21F9CB2F73F17E001C61A3 /* FontSizeIncreaser.app */;
			productType = "com.apple.product-type.application";
		};
		AF21F9E72F73F180001C61A3 /* FontSizeIncreaserTests */ = {
			isa = PBXNativeTarget;
			buildConfigurationList = AF21FA102F73F180001C61A3 /* Build configuration list for PBXNativeTarget "FontSizeIncreaserTests" */;
			buildPhases = (
				AF21F9E42F73F180001C61A3 /* Sources */,
				AF21F9E52F73F180001C61A3 /* Frameworks */,
				AF21F9E62F73F180001C61A3 /* Resources */,
			);
			buildRules = (
			);
			dependencies = (
				AF21F9EA2F73F180001C61A3 /* PBXTargetDependency */,
			);
			name = FontSizeIncreaserTests;
			packageProductDependencies = (
			);
			productName = FontSizeIncreaserTests;
			productReference = AF21F9E82F73F180001C61A3 /* FontSizeIncreaserTests.xctest */;
			productType = "com.apple.product-type.bundle.unit-test";
		};
		AF21F9F12F73F180001C61A3 /* FontSizeIncreaserUITests */ = {
			isa = PBXNativeTarget;
			buildConfigurationList = AF21FA132F73F180001C61A3 /* Build configuration list for PBXNativeTarget "FontSizeIncreaserUITests" */;
			buildPhases = (
				AF21F9EE2F73F180001C61A3 /* Sources */,
				AF21F9EF2F73F180001C61A3 /* Frameworks */,
				AF21F9F02F73F180001C61A3 /* Resources */,
			);
			buildRules = (
			);
			dependencies = (
				AF21F9F42F73F180001C61A3 /* PBXTargetDependency */,
			);
			name = FontSizeIncreaserUITests;
			packageProductDependencies = (
			);
			productName = FontSizeIncreaserUITests;
			productReference = AF21F9F22F73F180001C61A3 /* FontSizeIncreaserUITests.xctest */;
			productType = "com.apple.product-type.bundle.ui-testing";
		};
		AF21F9FD2F73F180001C61A3 /* FontSizeIncreaser Extension */ = {
			isa = PBXNativeTarget;
			buildConfigurationList = AF21FA092F73F180001C61A3 /* Build configuration list for PBXNativeTarget "FontSizeIncreaser Extension" */;
			buildPhases = (
				AF21F9FA2F73F180001C61A3 /* Sources */,
				AF21F9FB2F73F180001C61A3 /* Frameworks */,
				AF21F9FC2F73F180001C61A3 /* Resources */,
			);
			buildRules = (
			);
			dependencies = (
			);
			name = "FontSizeIncreaser Extension";
			packageProductDependencies = (
			);
			productName = "FontSizeIncreaser Extension";
			productReference = AF21F9FE2F73F180001C61A3 /* FontSizeIncreaser Extension.appex */;
			productType = "com.apple.product-type.app-extension";
		};
/* End PBXNativeTarget section */

/* Begin PBXProject section */
		AF21F9C32F73F17E001C61A3 /* Project object */ = {
			isa = PBXProject;
			attributes = {
				BuildIndependentTargetsInParallel = 1;
				LastSwiftUpdateCheck = 1640;
				LastUpgradeCheck = 1640;
				TargetAttributes = {
					AF21F9CA2F73F17E001C61A3 = {
						CreatedOnToolsVersion = 16.4;
					};
					AF21F9E72F73F180001C61A3 = {
						CreatedOnToolsVersion = 16.4;
						TestTargetID = AF21F9CA2F73F17E001C61A3;
					};
					AF21F9F12F73F180001C61A3 = {
						CreatedOnToolsVersion = 16.4;
						TestTargetID = AF21F9CA2F73F17E001C61A3;
					};
					AF21F9FD2F73F180001C61A3 = {
						CreatedOnToolsVersion = 16.4;
					};
				};
			};
			buildConfigurationList = AF21F9C62F73F17E001C61A3 /* Build configuration list for PBXProject "FontSizeIncreaser" */;
			developmentRegion = en;
			hasScannedForEncodings = 0;
			knownRegions = (
				en,
				Base,
			);
			mainGroup = AF21F9C22F73F17E001C61A3;
			minimizedProjectReferenceProxies = 1;
			preferredProjectObjectVersion = 77;
			productRefGroup = AF21F9CC2F73F17E001C61A3 /* Products */;
			projectDirPath = "";
			projectRoot = "";
			targets = (
				AF21F9CA2F73F17E001C61A3 /* FontSizeIncreaser */,
				AF21F9E72F73F180001C61A3 /* FontSizeIncreaserTests */,
				AF21F9F12F73F180001C61A3 /* FontSizeIncreaserUITests */,
				AF21F9FD2F73F180001C61A3 /* FontSizeIncreaser Extension */,
			);
		};
/* End PBXProject section */

/* Begin PBXResourcesBuildPhase section */
		AF21F9C92F73F17E001C61A3 /* Resources */ = {
			isa = PBXResourcesBuildPhase;
			buildActionMask = 2147483647;
			files = (
				AF21F9D52F73F17E001C61A3 /* Icon.png in Resources */,
				AF21F9DE2F73F17E001C61A3 /* Main.storyboard in Resources */,
				AF21F9D92F73F17E001C61A3 /* Script.js in Resources */,
				AF21F9D32F73F17E001C61A3 /* Main.html in Resources */,
				AF21F9E02F73F180001C61A3 /* Assets.xcassets in Resources */,
				AF21F9D72F73F17E001C61A3 /* Style.css in Resources */,
			);
			runOnlyForDeploymentPostprocessing = 0;
		};
		AF21F9E62F73F180001C61A3 /* Resources */ = {
			isa = PBXResourcesBuildPhase;
			buildActionMask = 2147483647;
			files = (
			);
			runOnlyForDeploymentPostprocessing = 0;
		};
		AF21F9F02F73F180001C61A3 /* Resources */ = {
			isa = PBXResourcesBuildPhase;
			buildActionMask = 2147483647;
			files = (
			);
			runOnlyForDeploymentPostprocessing = 0;
		};
		AF21F9FC2F73F180001C61A3 /* Resources */ = {
			isa = PBXResourcesBuildPhase;
			buildActionMask = 2147483647;
			files = (
				AF21FA222F73F181001C61A3 /* content.js in Resources */,
				AF21FA212F73F181001C61A3 /* popup.css in Resources */,
				AF21FA202F73F181001C61A3 /* manifest.json in Resources */,
				AF21FA1E2F73F181001C61A3 /* background.js in Resources */,
				AF21FA1F2F73F181001C61A3 /* popup.html in Resources */,
				AF21FA1D2F73F181001C61A3 /* popup.js in Resources */,
				AF21FA302F73F200001C61A3 /* icon-48.png in Resources */,
				AF21FA312F73F200001C61A3 /* icon-96.png in Resources */,
				AF21FA322F73F200001C61A3 /* icon-128.png in Resources */,
			);
			runOnlyForDeploymentPostprocessing = 0;
		};
/* End PBXResourcesBuildPhase section */

/* Begin PBXSourcesBuildPhase section */
		AF21F9C72F73F17E001C61A3 /* Sources */ = {
			isa = PBXSourcesBuildPhase;
			buildActionMask = 2147483647;
			files = (
				AF21F9DB2F73F17E001C61A3 /* ViewController.swift in Sources */,
				AF21F9CF2F73F17E001C61A3 /* AppDelegate.swift in Sources */,
			);
			runOnlyForDeploymentPostprocessing = 0;
		};
		AF21F9E42F73F180001C61A3 /* Sources */ = {
			isa = PBXSourcesBuildPhase;
			buildActionMask = 2147483647;
			files = (
				AF21F9ED2F73F180001C61A3 /* FontSizeIncreaserTests.swift in Sources */,
			);
			runOnlyForDeploymentPostprocessing = 0;
		};
		AF21F9EE2F73F180001C61A3 /* Sources */ = {
			isa = PBXSourcesBuildPhase;
			buildActionMask = 2147483647;
			files = (
				AF21F9F72F73F180001C61A3 /* FontSizeIncreaserUITests.swift in Sources */,
				AF21F9F92F73F180001C61A3 /* FontSizeIncreaserUITestsLaunchTests.swift in Sources */,
			);
			runOnlyForDeploymentPostprocessing = 0;
		};
		AF21F9FA2F73F180001C61A3 /* Sources */ = {
			isa = PBXSourcesBuildPhase;
			buildActionMask = 2147483647;
			files = (
				AF21FA042F73F180001C61A3 /* SafariWebExtensionHandler.swift in Sources */,
			);
			runOnlyForDeploymentPostprocessing = 0;
		};
/* End PBXSourcesBuildPhase section */

/* Begin PBXTargetDependency section */
		AF21F9EA2F73F180001C61A3 /* PBXTargetDependency */ = {
			isa = PBXTargetDependency;
			target = AF21F9CA2F73F17E001C61A3 /* FontSizeIncreaser */;
			targetProxy = AF21F9E92F73F180001C61A3 /* PBXContainerItemProxy */;
		};
		AF21F9F42F73F180001C61A3 /* PBXTargetDependency */ = {
			isa = PBXTargetDependency;
			target = AF21F9CA2F73F17E001C61A3 /* FontSizeIncreaser */;
			targetProxy = AF21F9F32F73F180001C61A3 /* PBXContainerItemProxy */;
		};
		AF21FA012F73F180001C61A3 /* PBXTargetDependency */ = {
			isa = PBXTargetDependency;
			target = AF21F9FD2F73F180001C61A3 /* FontSizeIncreaser Extension */;
			targetProxy = AF21FA002F73F180001C61A3 /* PBXContainerItemProxy */;
		};
/* End PBXTargetDependency section */

/* Begin PBXVariantGroup section */
		AF21F9D12F73F17E001C61A3 /* Main.html */ = {
			isa = PBXVariantGroup;
			children = (
				AF21F9D22F73F17E001C61A3 /* Base */,
			);
			name = Main.html;
			sourceTree = "<group>";
		};
		AF21F9DC2F73F17E001C61A3 /* Main.storyboard */ = {
			isa = PBXVariantGroup;
			children = (
				AF21F9DD2F73F17E001C61A3 /* Base */,
			);
			name = Main.storyboard;
			sourceTree = "<group>";
		};
/* End PBXVariantGroup section */

/* Begin XCBuildConfiguration section */
		AF21FA072F73F180001C61A3 /* Debug */ = {
			isa = XCBuildConfiguration;
			buildSettings = {
				ALWAYS_SEARCH_USER_PATHS = NO;
				ASSETCATALOG_COMPILER_GENERATE_SWIFT_ASSET_SYMBOL_EXTENSIONS = YES;
				CLANG_ANALYZER_NONNULL = YES;
				CLANG_ANALYZER_NUMBER_OBJECT_CONVERSION = YES_AGGRESSIVE;
				CLANG_CXX_LANGUAGE_STANDARD = "gnu++20";
				CLANG_ENABLE_MODULES = YES;
				CLANG_ENABLE_OBJC_ARC = YES;
				CLANG_ENABLE_OBJC_WEAK = YES;
				CLANG_WARN_BLOCK_CAPTURE_AUTORELEASING = YES;
				CLANG_WARN_BOOL_CONVERSION = YES;
				CLANG_WARN_COMMA = YES;
				CLANG_WARN_CONSTANT_CONVERSION = YES;
				CLANG_WARN_DEPRECATED_OBJC_IMPLEMENTATIONS = YES;
				CLANG_WARN_DIRECT_OBJC_ISA_USAGE = YES_ERROR;
				CLANG_WARN_DOCUMENTATION_COMMENTS = YES;
				CLANG_WARN_EMPTY_BODY = YES;
				CLANG_WARN_ENUM_CONVERSION = YES;
				CLANG_WARN_INFINITE_RECURSION = YES;
				CLANG_WARN_INT_CONVERSION = YES;
				CLANG_WARN_NON_LITERAL_NULL_CONVERSION = YES;
				CLANG_WARN_OBJC_IMPLICIT_RETAIN_SELF = YES;
				CLANG_WARN_OBJC_LITERAL_CONVERSION = YES;
				CLANG_WARN_OBJC_ROOT_CLASS = YES_ERROR;
				CLANG_WARN_QUOTED_INCLUDE_IN_FRAMEWORK_HEADER = YES;
				CLANG_WARN_RANGE_LOOP_ANALYSIS = YES;
				CLANG_WARN_STRICT_PROTOTYPES = YES;
				CLANG_WARN_SUSPICIOUS_MOVE = YES;
				CLANG_WARN_UNGUARDED_AVAILABILITY = YES_AGGRESSIVE;
				CLANG_WARN_UNREACHABLE_CODE = YES;
				CLANG_WARN__DUPLICATE_METHOD_MATCH = YES;
				COPY_PHASE_STRIP = NO;
				DEBUG_INFORMATION_FORMAT = dwarf;
				ENABLE_STRICT_OBJC_MSGSEND = YES;
				ENABLE_TESTABILITY = YES;
				ENABLE_USER_SCRIPT_SANDBOXING = YES;
				GCC_C_LANGUAGE_STANDARD = gnu17;
				GCC_DYNAMIC_NO_PIC = NO;
				GCC_NO_COMMON_BLOCKS = YES;
				GCC_OPTIMIZATION_LEVEL = 0;
				GCC_PREPROCESSOR_DEFINITIONS = (
					"DEBUG=1",
					"$(inherited)",
				);
				GCC_WARN_64_TO_32_BIT_CONVERSION = YES;
				GCC_WARN_ABOUT_RETURN_TYPE = YES_ERROR;
				GCC_WARN_UNDECLARED_SELECTOR = YES;
				GCC_WARN_UNINITIALIZED_AUTOS = YES_AGGRESSIVE;
				GCC_WARN_UNUSED_FUNCTION = YES;
				GCC_WARN_UNUSED_VARIABLE = YES;
				LOCALIZATION_PREFERS_STRING_CATALOGS = YES;
				MACOSX_DEPLOYMENT_TARGET = 15.5;
				MTL_ENABLE_DEBUG_INFO = INCLUDE_SOURCE;
				MTL_FAST_MATH = YES;
				ONLY_ACTIVE_ARCH = YES;
				SDKROOT = macosx;
				SWIFT_ACTIVE_COMPILATION_CONDITIONS = "DEBUG $(inherited)";
				SWIFT_OPTIMIZATION_LEVEL = "-Onone";
			};
			name = Debug;
		};
		AF21FA082F73F180001C61A3 /* Release */ = {
			isa = XCBuildConfiguration;
			buildSettings = {
				ALWAYS_SEARCH_USER_PATHS = NO;
				ASSETCATALOG_COMPILER_GENERATE_SWIFT_ASSET_SYMBOL_EXTENSIONS = YES;
				CLANG_ANALYZER_NONNULL = YES;
				CLANG_ANALYZER_NUMBER_OBJECT_CONVERSION = YES_AGGRESSIVE;
				CLANG_CXX_LANGUAGE_STANDARD = "gnu++20";
				CLANG_ENABLE_MODULES = YES;
				CLANG_ENABLE_OBJC_ARC = YES;
				CLANG_ENABLE_OBJC_WEAK = YES;
				CLANG_WARN_BLOCK_CAPTURE_AUTORELEASING = YES;
				CLANG_WARN_BOOL_CONVERSION = YES;
				CLANG_WARN_COMMA = YES;
				CLANG_WARN_CONSTANT_CONVERSION = YES;
				CLANG_WARN_DEPRECATED_OBJC_IMPLEMENTATIONS = YES;
				CLANG_WARN_DIRECT_OBJC_ISA_USAGE = YES_ERROR;
				CLANG_WARN_DOCUMENTATION_COMMENTS = YES;
				CLANG_WARN_EMPTY_BODY = YES;
				CLANG_WARN_ENUM_CONVERSION = YES;
				CLANG_WARN_INFINITE_RECURSION = YES;
				CLANG_WARN_INT_CONVERSION = YES;
				CLANG_WARN_NON_LITERAL_NULL_CONVERSION = YES;
				CLANG_WARN_OBJC_IMPLICIT_RETAIN_SELF = YES;
				CLANG_WARN_OBJC_LITERAL_CONVERSION = YES;
				CLANG_WARN_OBJC_ROOT_CLASS = YES_ERROR;
				CLANG_WARN_QUOTED_INCLUDE_IN_FRAMEWORK_HEADER = YES;
				CLANG_WARN_RANGE_LOOP_ANALYSIS = YES;
				CLANG_WARN_STRICT_PROTOTYPES = YES;
				CLANG_WARN_SUSPICIOUS_MOVE = YES;
				CLANG_WARN_UNGUARDED_AVAILABILITY = YES_AGGRESSIVE;
				CLANG_WARN_UNREACHABLE_CODE = YES;
				CLANG_WARN__DUPLICATE_METHOD_MATCH = YES;
				COPY_PHASE_STRIP = NO;
				DEBUG_INFORMATION_FORMAT = "dwarf-with-dsym";
				ENABLE_NS_ASSERTIONS = NO;
				ENABLE_STRICT_OBJC_MSGSEND = YES;
				ENABLE_USER_SCRIPT_SANDBOXING = YES;
				GCC_C_LANGUAGE_STANDARD = gnu17;
				GCC_NO_COMMON_BLOCKS = YES;
				GCC_WARN_64_TO_32_BIT_CONVERSION = YES;
				GCC_WARN_ABOUT_RETURN_TYPE = YES_ERROR;
				GCC_WARN_UNDECLARED_SELECTOR = YES;
				GCC_WARN_UNINITIALIZED_AUTOS = YES_AGGRESSIVE;
				GCC_WARN_UNUSED_FUNCTION = YES;
				GCC_WARN_UNUSED_VARIABLE = YES;
				LOCALIZATION_PREFERS_STRING_CATALOGS = YES;
				MACOSX_DEPLOYMENT_TARGET = 15.5;
				MTL_ENABLE_DEBUG_INFO = NO;
				MTL_FAST_MATH = YES;
				SDKROOT = macosx;
				SWIFT_COMPILATION_MODE = wholemodule;
			};
			name = Release;
		};
		AF21FA0A2F73F180001C61A3 /* Debug */ = {
			isa = XCBuildConfiguration;
			buildSettings = {
				CODE_SIGN_ENTITLEMENTS = "FontSizeIncreaser Extension/FontSizeIncreaser_Extension.entitlements";
				CODE_SIGN_STYLE = Automatic;
				CURRENT_PROJECT_VERSION = 1;
				ENABLE_HARDENED_RUNTIME = YES;
				GENERATE_INFOPLIST_FILE = YES;
				INFOPLIST_FILE = "FontSizeIncreaser Extension/Info.plist";
				INFOPLIST_KEY_CFBundleDisplayName = "FontSizeIncreaser Extension";
				INFOPLIST_KEY_NSHumanReadableCopyright = "";
				LD_RUNPATH_SEARCH_PATHS = (
					"$(inherited)",
					"@executable_path/../Frameworks",
					"@executable_path/../../../../Frameworks",
				);
				MACOSX_DEPLOYMENT_TARGET = 10.14;
				MARKETING_VERSION = 1.0;
				OTHER_LDFLAGS = (
					"-framework",
					SafariServices,
				);
				PRODUCT_BUNDLE_IDENTIFIER = com.naren.FontSizeIncreaser.Extension;
				PRODUCT_NAME = "$(TARGET_NAME)";
				SKIP_INSTALL = YES;
				SWIFT_EMIT_LOC_STRINGS = YES;
				SWIFT_VERSION = 5.0;
			};
			name = Debug;
		};
		AF21FA0B2F73F180001C61A3 /* Release */ = {
			isa = XCBuildConfiguration;
			buildSettings = {
				CODE_SIGN_ENTITLEMENTS = "FontSizeIncreaser Extension/FontSizeIncreaser_Extension.entitlements";
				CODE_SIGN_STYLE = Automatic;
				CURRENT_PROJECT_VERSION = 1;
				ENABLE_HARDENED_RUNTIME = YES;
				GENERATE_INFOPLIST_FILE = YES;
				INFOPLIST_FILE = "FontSizeIncreaser Extension/Info.plist";
				INFOPLIST_KEY_CFBundleDisplayName = "FontSizeIncreaser Extension";
				INFOPLIST_KEY_NSHumanReadableCopyright = "";
				LD_RUNPATH_SEARCH_PATHS = (
					"$(inherited)",
					"@executable_path/../Frameworks",
					"@executable_path/../../../../Frameworks",
				);
				MACOSX_DEPLOYMENT_TARGET = 10.14;
				MARKETING_VERSION = 1.0;
				OTHER_LDFLAGS = (
					"-framework",
					SafariServices,
				);
				PRODUCT_BUNDLE_IDENTIFIER = com.naren.FontSizeIncreaser.Extension;
				PRODUCT_NAME = "$(TARGET_NAME)";
				SKIP_INSTALL = YES;
				SWIFT_EMIT_LOC_STRINGS = YES;
				SWIFT_VERSION = 5.0;
			};
			name = Release;
		};
		AF21FA0E2F73F180001C61A3 /* Debug */ = {
			isa = XCBuildConfiguration;
			buildSettings = {
				ASSETCATALOG_COMPILER_APPICON_NAME = AppIcon;
				ASSETCATALOG_COMPILER_GLOBAL_ACCENT_COLOR_NAME = AccentColor;
				CODE_SIGN_ENTITLEMENTS = FontSizeIncreaser/FontSizeIncreaser.entitlements;
				CODE_SIGN_STYLE = Automatic;
				COMBINE_HIDPI_IMAGES = YES;
				CURRENT_PROJECT_VERSION = 1;
				ENABLE_HARDENED_RUNTIME = YES;
				GENERATE_INFOPLIST_FILE = YES;
				INFOPLIST_FILE = FontSizeIncreaser/Info.plist;
				INFOPLIST_KEY_CFBundleDisplayName = FontSizeIncreaser;
				INFOPLIST_KEY_NSHumanReadableCopyright = "";
				INFOPLIST_KEY_NSMainStoryboardFile = Main;
				INFOPLIST_KEY_NSPrincipalClass = NSApplication;
				LD_RUNPATH_SEARCH_PATHS = (
					"$(inherited)",
					"@executable_path/../Frameworks",
				);
				MACOSX_DEPLOYMENT_TARGET = 10.14;
				MARKETING_VERSION = 1.0;
				OTHER_LDFLAGS = (
					"-framework",
					SafariServices,
					"-framework",
					WebKit,
				);
				PRODUCT_BUNDLE_IDENTIFIER = com.naren.FontSizeIncreaser;
				PRODUCT_NAME = "$(TARGET_NAME)";
				REGISTER_APP_GROUPS = YES;
				SWIFT_EMIT_LOC_STRINGS = YES;
				SWIFT_VERSION = 5.0;
			};
			name = Debug;
		};
		AF21FA0F2F73F180001C61A3 /* Release */ = {
			isa = XCBuildConfiguration;
			buildSettings = {
				ASSETCATALOG_COMPILER_APPICON_NAME = AppIcon;
				ASSETCATALOG_COMPILER_GLOBAL_ACCENT_COLOR_NAME = AccentColor;
				CODE_SIGN_ENTITLEMENTS = FontSizeIncreaser/FontSizeIncreaser.entitlements;
				CODE_SIGN_STYLE = Automatic;
				COMBINE_HIDPI_IMAGES = YES;
				CURRENT_PROJECT_VERSION = 1;
				ENABLE_HARDENED_RUNTIME = YES;
				GENERATE_INFOPLIST_FILE = YES;
				INFOPLIST_FILE = FontSizeIncreaser/Info.plist;
				INFOPLIST_KEY_CFBundleDisplayName = FontSizeIncreaser;
				INFOPLIST_KEY_NSHumanReadableCopyright = "";
				INFOPLIST_KEY_NSMainStoryboardFile = Main;
				INFOPLIST_KEY_NSPrincipalClass = NSApplication;
				LD_RUNPATH_SEARCH_PATHS = (
					"$(inherited)",
					"@executable_path/../Frameworks",
				);
				MACOSX_DEPLOYMENT_TARGET = 10.14;
				MARKETING_VERSION = 1.0;
				OTHER_LDFLAGS = (
					"-framework",
					SafariServices,
					"-framework",
					WebKit,
				);
				PRODUCT_BUNDLE_IDENTIFIER = com.naren.FontSizeIncreaser;
				PRODUCT_NAME = "$(TARGET_NAME)";
				REGISTER_APP_GROUPS = YES;
				SWIFT_EMIT_LOC_STRINGS = YES;
				SWIFT_VERSION = 5.0;
			};
			name = Release;
		};
		AF21FA112F73F180001C61A3 /* Debug */ = {
			isa = XCBuildConfiguration;
			buildSettings = {
				BUNDLE_LOADER = "$(TEST_HOST)";
				CODE_SIGN_STYLE = Automatic;
				CURRENT_PROJECT_VERSION = 1;
				GENERATE_INFOPLIST_FILE = YES;
				MACOSX_DEPLOYMENT_TARGET = 10.14;
				MARKETING_VERSION = 1.0;
				PRODUCT_BUNDLE_IDENTIFIER = com.naren.FontSizeIncreaserTests;
				PRODUCT_NAME = "$(TARGET_NAME)";
				SWIFT_EMIT_LOC_STRINGS = NO;
				SWIFT_VERSION = 5.0;
				TEST_HOST = "$(BUILT_PRODUCTS_DIR)/FontSizeIncreaser.app/$(BUNDLE_EXECUTABLE_FOLDER_PATH)/FontSizeIncreaser";
			};
			name = Debug;
		};
		AF21FA122F73F180001C61A3 /* Release */ = {
			isa = XCBuildConfiguration;
			buildSettings = {
				BUNDLE_LOADER = "$(TEST_HOST)";
				CODE_SIGN_STYLE = Automatic;
				CURRENT_PROJECT_VERSION = 1;
				GENERATE_INFOPLIST_FILE = YES;
				MACOSX_DEPLOYMENT_TARGET = 10.14;
				MARKETING_VERSION = 1.0;
				PRODUCT_BUNDLE_IDENTIFIER = com.naren.FontSizeIncreaserTests;
				PRODUCT_NAME = "$(TARGET_NAME)";
				SWIFT_EMIT_LOC_STRINGS = NO;
				SWIFT_VERSION = 5.0;
				TEST_HOST = "$(BUILT_PRODUCTS_DIR)/FontSizeIncreaser.app/$(BUNDLE_EXECUTABLE_FOLDER_PATH)/FontSizeIncreaser";
			};
			name = Release;
		};
		AF21FA142F73F180001C61A3 /* Debug */ = {
			isa = XCBuildConfiguration;
			buildSettings = {
				CODE_SIGN_STYLE = Automatic;
				CURRENT_PROJECT_VERSION = 1;
				GENERATE_INFOPLIST_FILE = YES;
				MARKETING_VERSION = 1.0;
				PRODUCT_BUNDLE_IDENTIFIER = com.naren.FontSizeIncreaserUITests;
				PRODUCT_NAME = "$(TARGET_NAME)";
				SWIFT_EMIT_LOC_STRINGS = NO;
				SWIFT_VERSION = 5.0;
				TEST_TARGET_NAME = FontSizeIncreaser;
			};
			name = Debug;
		};
		AF21FA152F73F180001C61A3 /* Release */ = {
			isa = XCBuildConfiguration;
			buildSettings = {
				CODE_SIGN_STYLE = Automatic;
				CURRENT_PROJECT_VERSION = 1;
				GENERATE_INFOPLIST_FILE = YES;
				MARKETING_VERSION = 1.0;
				PRODUCT_BUNDLE_IDENTIFIER = com.naren.FontSizeIncreaserUITests;
				PRODUCT_NAME = "$(TARGET_NAME)";
				SWIFT_EMIT_LOC_STRINGS = NO;
				SWIFT_VERSION = 5.0;
				TEST_TARGET_NAME = FontSizeIncreaser;
			};
			name = Release;
		};
/* End XCBuildConfiguration section */

/* Begin XCConfigurationList section */
		AF21F9C62F73F17E001C61A3 /* Build configuration list for PBXProject "FontSizeIncreaser" */ = {
			isa = XCConfigurationList;
			buildConfigurations = (
				AF21FA072F73F180001C61A3 /* Debug */,
				AF21FA082F73F180001C61A3 /* Release */,
			);
			defaultConfigurationIsVisible = 0;
			defaultConfigurationName = Release;
		};
		AF21FA092F73F180001C61A3 /* Build configuration list for PBXNativeTarget "FontSizeIncreaser Extension" */ = {
			isa = XCConfigurationList;
			buildConfigurations = (
				AF21FA0A2F73F180001C61A3 /* Debug */,
				AF21FA0B2F73F180001C61A3 /* Release */,
			);
			defaultConfigurationIsVisible = 0;
			defaultConfigurationName = Release;
		};
		AF21FA0D2F73F180001C61A3 /* Build configuration list for PBXNativeTarget "FontSizeIncreaser" */ = {
			isa = XCConfigurationList;
			buildConfigurations = (
				AF21FA0E2F73F180001C61A3 /* Debug */,
				AF21FA0F2F73F180001C61A3 /* Release */,
			);
			defaultConfigurationIsVisible = 0;
			defaultConfigurationName = Release;
		};
		AF21FA102F73F180001C61A3 /* Build configuration list for PBXNativeTarget "FontSizeIncreaserTests" */ = {
			isa = XCConfigurationList;
			buildConfigurations = (
				AF21FA112F73F180001C61A3 /* Debug */,
				AF21FA122F73F180001C61A3 /* Release */,
			);
			defaultConfigurationIsVisible = 0;
			defaultConfigurationName = Release;
		};
		AF21FA132F73F180001C61A3 /* Build configuration list for PBXNativeTarget "FontSizeIncreaserUITests" */ = {
			isa = XCConfigurationList;
			buildConfigurations = (
				AF21FA142F73F180001C61A3 /* Debug */,
				AF21FA152F73F180001C61A3 /* Release */,
			);
			defaultConfigurationIsVisible = 0;
			defaultConfigurationName = Release;
		};
/* End XCConfigurationList section */
	};
	rootObject = AF21F9C32F73F17E001C61A3 /* Project object */;
}
